// !$*UTF8*$!
{
	archiveVersion = 1;
	classes = {
	};
	objectVersion = 46;
	objects = {

/* Begin PBXBuildFile section */
		C4A7A07E1C80D98800F0287B /* AppDelegate.swift in Sources */ = {isa = PBXBuildFile; fileRef = C4A7A07D1C80D98800F0287B /* AppDelegate.swift */; };
		C4A7A0801C80D98800F0287B /* ViewController.swift in Sources */ = {isa = PBXBuildFile; fileRef = C4A7A07F1C80D98800F0287B /* ViewController.swift */; };
		C4A7A0831C80D98800F0287B /* Main.storyboard in Resources */ = {isa = PBXBuildFile; fileRef = C4A7A0811C80D98800F0287B /* Main.storyboard */; };
		C4A7A0861C80D98800F0287B /* spotify_clone.xcdatamodeld in Sources */ = {isa = PBXBuildFile; fileRef = C4A7A0841C80D98800F0287B /* spotify_clone.xcdatamodeld */; };
		C4A7A0881C80D98800F0287B /* Assets.xcassets in Resources */ = {isa = PBXBuildFile; fileRef = C4A7A0871C80D98800F0287B /* Assets.xcassets */; };
		C4A7A08B1C80D98800F0287B /* LaunchScreen.storyboard in Resources */ = {isa = PBXBuildFile; fileRef = C4A7A0891C80D98800F0287B /* LaunchScreen.storyboard */; };
		C4A7A0931C80DEEE00F0287B /* Player.swift in Sources */ = {isa = PBXBuildFile; fileRef = C4A7A0921C80DEEE00F0287B /* Player.swift */; };
		C4A7A0951C8124F600F0287B /* song.swift in Sources */ = {isa = PBXBuildFile; fileRef = C4A7A0941C8124F600F0287B /* song.swift */; };
		C4A7A0971C840E3D00F0287B /* SongsTableViewCell.swift in Sources */ = {isa = PBXBuildFile; fileRef = C4A7A0961C840E3D00F0287B /* SongsTableViewCell.swift */; };
/* End PBXBuildFile section */

/* Begin PBXFileReference section */
		C4A7A07A1C80D98800F0287B /* spotify-clone.app */ = {isa = PBXFileReference; explicitFileType = wrapper.application; includeInIndex = 0; path = "spotify-clone.app"; sourceTree = BUILT_PRODUCTS_DIR; };
		C4A7A07D1C80D98800F0287B /* AppDelegate.swift */ = {isa = PBXFileReference; lastKnownFileType = sourcecode.swift; path = AppDelegate.swift; sourceTree = "<group>"; };
		C4A7A07F1C80D98800F0287B /* ViewController.swift */ = {isa = PBXFileReference; lastKnownFileType = sourcecode.swift; path = ViewController.swift; sourceTree = "<group>"; };
		C4A7A0821C80D98800F0287B /* Base */ = {isa = PBXFileReference; lastKnownFileType = file.storyboard; name = Base; path = Base.lproj/Main.storyboard; sourceTree = "<group>"; };
		C4A7A0851C80D98800F0287B /* spotify_clone.xcdatamodel */ = {isa = PBXFileReference; lastKnownFileType = wrapper.xcdatamodel; path = spotify_clone.xcdatamodel; sourceTree = "<group>"; };
		C4A7A0871C80D98800F0287B /* Assets.xcassets */ = {isa = PBXFileReference; lastKnownFileType = folder.assetcatalog; path = Assets.xcassets; sourceTree = "<group>"; };
		C4A7A08A1C80D98800F0287B /* Base */ = {isa = PBXFileReference; lastKnownFileType = file.storyboard; name = Base; path = Base.lproj/LaunchScreen.storyboard; sourceTree = "<group>"; };
		C4A7A08C1C80D98800F0287B /* Info.plist */ = {isa = PBXFileReference; lastKnownFileType = text.plist.xml; path = Info.plist; sourceTree = "<group>"; };
		C4A7A0921C80DEEE00F0287B /* Player.swift */ = {isa = PBXFileReference; fileEncoding = 4; lastKnownFileType = sourcecode.swift; path = Player.swift; sourceTree = "<group>"; };
		C4A7A0941C8124F600F0287B /* song.swift */ = {isa = PBXFileReference; fileEncoding = 4; lastKnownFileType = sourcecode.swift; path = song.swift; sourceTree = "<group>"; };
		C4A7A0961C840E3D00F0287B /* SongsTableViewCell.swift */ = {isa = PBXFileReference; fileEncoding = 4; lastKnownFileType = sourcecode.swift; path = SongsTableViewCell.swift; sourceTree = "<group>"; };
/* End PBXFileReference section */

/* Begin PBXFrameworksBuildPhase section */
		C4A7A0771C80D98800F0287B /* Frameworks */ = {
			isa = PBXFrameworksBuildPhase;
			buildActionMask = 2147483647;
			files = (
			);
			runOnlyForDeploymentPostprocessing = 0;
		};
/* End PBXFrameworksBuildPhase section */

/* Begin PBXGroup section */
		C4A7A0711C80D98700F0287B = {
			isa = PBXGroup;
			children = (
				C4A7A07C1C80D98800F0287B /* spotify-clone */,
				C4A7A07B1C80D98800F0287B /* Products */,
			);
			sourceTree = "<group>";
		};
		C4A7A07B1C80D98800F0287B /* Products */ = {
			isa = PBXGroup;
			children = (
				C4A7A07A1C80D98800F0287B /* spotify-clone.app */,
			);
			name = Products;
			sourceTree = "<group>";
		};
		C4A7A07C1C80D98800F0287B /* spotify-clone */ = {
			isa = PBXGroup;
			children = (
				C4A7A0961C840E3D00F0287B /* SongsTableViewCell.swift */,
				C4A7A0921C80DEEE00F0287B /* Player.swift */,
				C4A7A07D1C80D98800F0287B /* AppDelegate.swift */,
				C4A7A07F1C80D98800F0287B /* ViewController.swift */,
				C4A7A0941C8124F600F0287B /* song.swift */,
				C4A7A0811C80D98800F0287B /* Main.storyboard */,
				C4A7A0871C80D98800F0287B /* Assets.xcassets */,
				C4A7A0891C80D98800F0287B /* LaunchScreen.storyboard */,
				C4A7A08C1C80D98800F0287B /* Info.plist */,
				C4A7A0841C80D98800F0287B /* spotify_clone.xcdatamodeld */,
			);
			path = "spotify-clone";
			sourceTree = "<group>";
		};
/* End PBXGroup section */

/* Begin PBXNativeTarget section */
		C4A7A0791C80D98800F0287B /* spotify-clone */ = {
			isa = PBXNativeTarget;
			buildConfigurationList = C4A7A08F1C80D98800F0287B /* Build configuration list for PBXNativeTarget "spotify-clone" */;
			buildPhases = (
				C4A7A0761C80D98800F0287B /* Sources */,
				C4A7A0771C80D98800F0287B /* Frameworks */,
				C4A7A0781C80D98800F0287B /* Resources */,
			);
			buildRules = (
			);
			dependencies = (
			);
			name = "spotify-clone";
			productName = "spotify-clone";
			productReference = C4A7A07A1C80D98800F0287B /* spotify-clone.app */;
			productType = "com.apple.product-type.application";
		};
/* End PBXNativeTarget section */

/* Begin PBXProject section */
		C4A7A0721C80D98700F0287B /* Project object */ = {
			isa = PBXProject;
			attributes = {
				LastSwiftUpdateCheck = 0720;
				LastUpgradeCheck = 0720;
				ORGANIZATIONNAME = "ronald hunter";
				TargetAttributes = {
					C4A7A0791C80D98800F0287B = {
						CreatedOnToolsVersion = 7.2.1;
					};
				};
			};
			buildConfigurationList = C4A7A0751C80D98700F0287B /* Build configuration list for PBXProject "spotify-clone" */;
			compatibilityVersion = "Xcode 3.2";
			developmentRegion = English;
			hasScannedForEncodings = 0;
			knownRegions = (
				en,
				Base,
			);
			mainGroup = C4A7A0711C80D98700F0287B;
			productRefGroup = C4A7A07B1C80D98800F0287B /* Products */;
			projectDirPath = "";
			projectRoot = "";
			targets = (
				C4A7A0791C80D98800F0287B /* spotify-clone */,
			);
		};
/* End PBXProject section */

/* Begin PBXResourcesBuildPhase section */
		C4A7A0781C80D98800F0287B /* Resources */ = {
			isa = PBXResourcesBuildPhase;
			buildActionMask = 2147483647;
			files = (
				C4A7A08B1C80D98800F0287B /* LaunchScreen.storyboard in Resources */,
				C4A7A0881C80D98800F0287B /* Assets.xcassets in Resources */,
				C4A7A0831C80D98800F0287B /* Main.storyboard in Resources */,
			);
			runOnlyForDeploymentPostprocessing = 0;
		};
/* End PBXResourcesBuildPhase section */

/* Begin PBXSourcesBuildPhase section */
		C4A7A0761C80D98800F0287B /* Sources */ = {
			isa = PBXSourcesBuildPhase;
			buildActionMask = 2147483647;
			files = (
				C4A7A0971C840E3D00F0287B /* SongsTableViewCell.swift in Sources */,
				C4A7A0951C8124F600F0287B /* song.swift in Sources */,
				C4A7A0931C80DEEE00F0287B /* Player.swift in Sources */,
				C4A7A0801C80D98800F0287B /* ViewController.swift in Sources */,
				C4A7A07E1C80D98800F0287B /* AppDelegate.swift in Sources */,
				C4A7A0861C80D98800F0287B /* spotify_clone.xcdatamodeld in Sources */,
			);
			runOnlyForDeploymentPostprocessing = 0;
		};
/* End PBXSourcesBuildPhase section */

/* Begin PBXVariantGroup section */
		C4A7A0811C80D98800F0287B /* Main.storyboard */ = {
			isa = PBXVariantGroup;
			children = (
				C4A7A0821C80D98800F0287B /* Base */,
			);
			name = Main.storyboard;
			sourceTree = "<group>";
		};
		C4A7A0891C80D98800F0287B /* LaunchScreen.storyboard */ = {
			isa = PBXVariantGroup;
			children = (
				C4A7A08A1C80D98800F0287B /* Base */,
			);
			name = LaunchScreen.storyboard;
			sourceTree = "<group>";
		};
/* End PBXVariantGroup section */

/* Begin XCBuildConfiguration section */
		C4A7A08D1C80D98800F0287B /* Debug */ = {
			isa = XCBuildConfiguration;
			buildSettings = {
				ALWAYS_SEARCH_USER_PATHS = NO;
				CLANG_CXX_LANGUAGE_STANDARD = "gnu++0x";
				CLANG_CXX_LIBRARY = "libc++";
				CLANG_ENABLE_MODULES = YES;
				CLANG_ENABLE_OBJC_ARC = YES;
				CLANG_WARN_BOOL_CONVERSION = YES;
				CLANG_WARN_CONSTANT_CONVERSION = YES;
				CLANG_WARN_DIRECT_OBJC_ISA_USAGE = YES_ERROR;
				CLANG_WARN_EMPTY_BODY = YES;
				CLANG_WARN_ENUM_CONVERSION = YES;
				CLANG_WARN_INT_CONVERSION = YES;
				CLANG_WARN_OBJC_ROOT_CLASS = YES_ERROR;
				CLANG_WARN_UNREACHABLE_CODE = YES;
				CLANG_WARN__DUPLICATE_METHOD_MATCH = YES;
				"CODE_SIGN_IDENTITY[sdk=iphoneos*]" = "iPhone Developer";
				COPY_PHASE_STRIP = NO;
				DEBUG_INFORMATION_FORMAT = dwarf;
				ENABLE_STRICT_OBJC_MSGSEND = YES;
				ENABLE_TESTABILITY = YES;
				GCC_C_LANGUAGE_STANDARD = gnu99;
				GCC_DYNAMIC_NO_PIC = NO;
				GCC_NO_COMMON_BLOCKS = YES;
				GCC_OPTIMIZATION_LEVEL = 0;
				GCC_PREPROCESSOR_DEFINITIONS = (
					"DEBUG=1",
					"$(inherited)",
				);
				GCC_WARN_64_TO_32_BIT_CONVERSION = YES;
				GCC_WARN_ABOUT_RETURN_TYPE = YES_ERROR;
				GCC_WARN_UNDECLARED_SELECTOR = YES;
				GCC_WARN_UNINITIALIZED_AUTOS = YES_AGGRESSIVE;
				GCC_WARN_UNUSED_FUNCTION = YES;
				GCC_WARN_UNUSED_VARIABLE = YES;
				IPHONEOS_DEPLOYMENT_TARGET = 9.2;
				MTL_ENABLE_DEBUG_INFO = YES;
				ONLY_ACTIVE_ARCH = YES;
				SDKROOT = iphoneos;
				SWIFT_OPTIMIZATION_LEVEL = "-Onone";
			};
			name = Debug;
		};
		C4A7A08E1C80D98800F0287B /* Release */ = {
			isa = XCBuildConfiguration;
			buildSettings = {
				ALWAYS_SEARCH_USER_PATHS = NO;
				CLANG_CXX_LANGUAGE_STANDARD = "gnu++0x";
				CLANG_CXX_LIBRARY = "libc++";
				CLANG_ENABLE_MODULES = YES;
				CLANG_ENABLE_OBJC_ARC = YES;
				CLANG_WARN_BOOL_CONVERSION = YES;
				CLANG_WARN_CONSTANT_CONVERSION = YES;
				CLANG_WARN_DIRECT_OBJC_ISA_USAGE = YES_ERROR;
				CLANG_WARN_EMPTY_BODY = YES;
				CLANG_WARN_ENUM_CONVERSION = YES;
				CLANG_WARN_INT_CONVERSION = YES;
				CLANG_WARN_OBJC_ROOT_CLASS = YES_ERROR;
				CLANG_WARN_UNREACHABLE_CODE = YES;
				CLANG_WARN__DUPLICATE_METHOD_MATCH = YES;
				"CODE_SIGN_IDENTITY[sdk=iphoneos*]" = "iPhone Developer";
				COPY_PHASE_STRIP = NO;
				DEBUG_INFORMATION_FORMAT = "dwarf-with-dsym";
				ENABLE_NS_ASSERTIONS = NO;
				ENABLE_STRICT_OBJC_MSGSEND = YES;
				GCC_C_LANGUAGE_STANDARD = gnu99;
				GCC_NO_COMMON_BLOCKS = YES;
				GCC_WARN_64_TO_32_BIT_CONVERSION = YES;
				GCC_WARN_ABOUT_RETURN_TYPE = YES_ERROR;
				GCC_WARN_UNDECLARED_SELECTOR = YES;
				GCC_WARN_UNINITIALIZED_AUTOS = YES_AGGRESSIVE;
				GCC_WARN_UNUSED_FUNCTION = YES;
				GCC_WARN_UNUSED_VARIABLE = YES;
				IPHONEOS_DEPLOYMENT_TARGET = 9.2;
				MTL_ENABLE_DEBUG_INFO = NO;
				SDKROOT = iphoneos;
				VALIDATE_PRODUCT = YES;
			};
			name = Release;
		};
		C4A7A0901C80D98800F0287B /* Debug */ = {
			isa = XCBuildConfiguration;
			buildSettings = {
				ASSETCATALOG_COMPILER_APPICON_NAME = AppIcon;
				INFOPLIST_FILE = "spotify-clone/Info.plist";
				IPHONEOS_DEPLOYMENT_TARGET = 9.0;
				LD_RUNPATH_SEARCH_PATHS = "$(inherited) @executable_path/Frameworks";
				PRODUCT_BUNDLE_IDENTIFIER = "co.ronaldhunter.spotify-clone";
				PRODUCT_NAME = "$(TARGET_NAME)";
			};
			name = Debug;
		};
		C4A7A0911C80D98800F0287B /* Release */ = {
			isa = XCBuildConfiguration;
			buildSettings = {
				ASSETCATALOG_COMPILER_APPICON_NAME = AppIcon;
				INFOPLIST_FILE = "spotify-clone/Info.plist";
				IPHONEOS_DEPLOYMENT_TARGET = 9.0;
				LD_RUNPATH_SEARCH_PATHS = "$(inherited) @executable_path/Frameworks";
				PRODUCT_BUNDLE_IDENTIFIER = "co.ronaldhunter.spotify-clone";
				PRODUCT_NAME = "$(TARGET_NAME)";
			};
			name = Release;
		};
/* End XCBuildConfiguration section */

/* Begin XCConfigurationList section */
		C4A7A0751C80D98700F0287B /* Build configuration list for PBXProject "spotify-clone" */ = {
			isa = XCConfigurationList;
			buildConfigurations = (
				C4A7A08D1C80D98800F0287B /* Debug */,
				C4A7A08E1C80D98800F0287B /* Release */,
			);
			defaultConfigurationIsVisible = 0;
			defaultConfigurationName = Release;
		};
		C4A7A08F1C80D98800F0287B /* Build configuration list for PBXNativeTarget "spotify-clone" */ = {
			isa = XCConfigurationList;
			buildConfigurations = (
				C4A7A0901C80D98800F0287B /* Debug */,
				C4A7A0911C80D98800F0287B /* Release */,
			);
			defaultConfigurationIsVisible = 0;
			defaultConfigurationName = Release;
		};
/* End XCConfigurationList section */

/* Begin XCVersionGroup section */
		C4A7A0841C80D98800F0287B /* spotify_clone.xcdatamodeld */ = {
			isa = XCVersionGroup;
			children = (
				C4A7A0851C80D98800F0287B /* spotify_clone.xcdatamodel */,
			);
			currentVersion = C4A7A0851C80D98800F0287B /* spotify_clone.xcdatamodel */;
			path = spotify_clone.xcdatamodeld;
			sourceTree = "<group>";
			versionGroupType = wrapper.xcdatamodel;
		};
/* End XCVersionGroup section */
	};
	rootObject = C4A7A0721C80D98700F0287B /* Project object */;
}
